#
# This file is autogenerated by pip-compile with Python 3.12
# by the following command:
#
#    pip-compile --extra=all --extra=dev --output-file=requirements-dev.lock pyproject.toml
#
aiohappyeyeballs==2.7.1
    # via aiohttp
aiohttp==3.14.2
    # via llama-index-core
aiosignal==1.4.0
    # via aiohttp
aiosqlite==0.22.1
    # via llama-index-core
annotated-doc==0.0.4
    # via
    #   fastapi
    #   typer
annotated-types==0.7.0
    # via pydantic
anyio==4.14.2
    # via
    #   httpx
    #   langsmith
    #   openai
    #   starlette
attrs==26.1.0
    # via aiohttp
banks==2.4.5
    # via llama-index-core
black==26.5.1
    # via vidurai (pyproject.toml)
build==1.5.0
    # via
    #   pip-tools
    #   vidurai (pyproject.toml)
certifi==2026.7.22
    # via
    #   httpcore
    #   httpx
    #   requests
charset-normalizer==3.4.9
    # via requests
click==8.4.2
    # via
    #   black
    #   huggingface-hub
    #   nltk
    #   pip-tools
    #   uvicorn
    #   vidurai (pyproject.toml)
colorama==0.4.6
    # via griffecli
coverage[toml]==7.15.2
    # via pytest-cov
dataclasses-json==0.6.7
    # via llama-index-core
defusedxml==0.7.1
    # via nltk
deprecated==1.3.1
    # via
    #   banks
    #   llama-index-core
    #   llama-index-instrumentation
dirtyjson==1.0.8
    # via llama-index-core
distro==1.9.0
    # via
    #   langsmith
    #   openai
docutils==0.23
    # via readme-renderer
duckdb==1.5.4
    # via vidurai (pyproject.toml)
fastapi==0.139.2
    # via vidurai (pyproject.toml)
filelock==3.32.0
    # via
    #   huggingface-hub
    #   torch
filetype==1.2.0
    # via
    #   banks
    #   llama-index-core
frozenlist==1.8.0
    # via
    #   aiohttp
    #   aiosignal
fsspec==2026.6.0
    # via
    #   huggingface-hub
    #   llama-index-core
    #   torch
greenlet==3.5.3
    # via sqlalchemy
griffe==2.1.0
    # via banks
griffecli==2.1.0
    # via griffe
griffelib==2.1.0
    # via
    #   griffe
    #   griffecli
h11==0.16.0
    # via
    #   httpcore
    #   uvicorn
hf-xet==1.5.2
    # via huggingface-hub
httpcore==1.0.9
    # via httpx
httpx==0.28.1
    # via
    #   huggingface-hub
    #   langgraph-sdk
    #   langsmith
    #   llama-index-core
    #   openai
huggingface-hub==1.24.0
    # via
    #   sentence-transformers
    #   tokenizers
    #   transformers
id==1.6.1
    # via twine
idna==3.18
    # via
    #   anyio
    #   httpx
    #   requests
    #   yarl
ijson==3.5.1
    # via vidurai (pyproject.toml)
iniconfig==2.3.0
    # via pytest
jaraco-classes==3.4.0
    # via keyring
jaraco-context==6.1.2
    # via keyring
jaraco-functools==4.6.0
    # via keyring
jinja2==3.1.6
    # via
    #   banks
    #   torch
jiter==0.16.0
    # via openai
joblib==1.5.3
    # via
    #   nltk
    #   scikit-learn
jsonpatch==1.33
    # via langchain-core
jsonpointer==3.1.1
    # via jsonpatch
keyring==25.7.0
    # via twine
langchain==1.3.14
    # via vidurai (pyproject.toml)
langchain-core==1.5.0
    # via
    #   langchain
    #   langgraph
    #   langgraph-checkpoint
    #   langgraph-prebuilt
    #   langgraph-sdk
langchain-protocol==0.0.18
    # via
    #   langchain-core
    #   langgraph-sdk
langgraph==1.2.9
    # via langchain
langgraph-checkpoint==4.1.1
    # via
    #   langgraph
    #   langgraph-prebuilt
langgraph-prebuilt==1.1.0
    # via langgraph
langgraph-sdk==0.4.2
    # via langgraph
langsmith==0.10.9
    # via langchain-core
llama-index==0.14.23
    # via vidurai (pyproject.toml)
llama-index-core==0.14.23
    # via
    #   llama-index
    #   llama-index-embeddings-openai
    #   llama-index-llms-openai
llama-index-embeddings-openai==0.6.0
    # via llama-index
llama-index-instrumentation==0.5.0
    # via llama-index-workflows
llama-index-llms-openai==0.7.10
    # via llama-index
llama-index-workflows==2.22.2
    # via llama-index-core
loguru==0.7.3
    # via vidurai (pyproject.toml)
markdown-it-py==4.2.0
    # via rich
markupsafe==3.0.3
    # via jinja2
marshmallow==3.26.2
    # via dataclasses-json
mdurl==0.1.2
    # via markdown-it-py
more-itertools==11.1.0
    # via
    #   jaraco-classes
    #   jaraco-functools
mpmath==1.3.0
    # via sympy
multidict==6.7.1
    # via
    #   aiohttp
    #   yarl
mypy-extensions==1.1.0
    # via
    #   black
    #   typing-inspect
narwhals==2.24.0
    # via scikit-learn
nest-asyncio==1.6.0
    # via llama-index-core
networkx==3.6.1
    # via
    #   llama-index-core
    #   torch
nh3==0.3.6
    # via readme-renderer
nltk==3.10.0
    # via
    #   llama-index
    #   llama-index-core
numpy==2.5.1
    # via
    #   llama-index-core
    #   pandas
    #   scikit-learn
    #   scipy
    #   sentence-transformers
    #   transformers
openai==2.46.0
    # via
    #   llama-index-embeddings-openai
    #   llama-index-llms-openai
    #   vidurai (pyproject.toml)
orjson==3.11.9
    # via
    #   langgraph-sdk
    #   langsmith
ormsgpack==1.12.2
    # via langgraph-checkpoint
packaging==26.2
    # via
    #   black
    #   build
    #   huggingface-hub
    #   langchain-core
    #   langsmith
    #   marshmallow
    #   pytest
    #   transformers
    #   twine
    #   wheel
pandas==3.0.3
    # via vidurai (pyproject.toml)
pathspec==1.1.1
    # via black
pillow==12.3.0
    # via llama-index-core
pip-tools==7.6.0
    # via vidurai (pyproject.toml)
platformdirs==4.11.0
    # via
    #   banks
    #   black
    #   llama-index-core
pluggy==1.6.0
    # via
    #   pytest
    #   pytest-cov
prompt-toolkit==3.0.52
    # via vidurai (pyproject.toml)
propcache==0.5.2
    # via
    #   aiohttp
    #   yarl
psutil==7.2.2
    # via vidurai (pyproject.toml)
pyarrow==25.0.0
    # via vidurai (pyproject.toml)
pydantic==2.13.4
    # via
    #   banks
    #   fastapi
    #   langchain
    #   langchain-core
    #   langgraph
    #   langsmith
    #   llama-index-core
    #   llama-index-instrumentation
    #   llama-index-workflows
    #   openai
    #   vidurai (pyproject.toml)
pydantic-core==2.46.4
    # via pydantic
pygments==2.20.0
    # via
    #   pytest
    #   readme-renderer
    #   rich
    #   vidurai (pyproject.toml)
pyproject-hooks==1.2.0
    # via
    #   build
    #   pip-tools
pytest==9.1.1
    # via
    #   pytest-cov
    #   vidurai (pyproject.toml)
pytest-cov==7.1.0
    # via vidurai (pyproject.toml)
python-dateutil==2.9.0.post0
    # via pandas
pytokens==0.4.1
    # via black
pyyaml==6.0.3
    # via
    #   huggingface-hub
    #   langchain-core
    #   llama-index-core
    #   transformers
readme-renderer==45.0
    # via twine
regex==2026.7.19
    # via
    #   nltk
    #   tiktoken
    #   transformers
requests==2.34.2
    # via
    #   langsmith
    #   llama-index-core
    #   requests-toolbelt
    #   tiktoken
    #   twine
    #   vidurai (pyproject.toml)
requests-toolbelt==1.0.0
    # via
    #   langsmith
    #   twine
rfc3986==2.0.0
    # via twine
rich==15.0.0
    # via
    #   twine
    #   typer
ruff==0.15.22
    # via vidurai (pyproject.toml)
safetensors==0.8.0
    # via transformers
scikit-learn==1.9.0
    # via sentence-transformers
scipy==1.18.0
    # via
    #   scikit-learn
    #   sentence-transformers
sentence-transformers==5.6.0
    # via vidurai (pyproject.toml)
shellingham==1.5.4
    # via typer
six==1.17.0
    # via python-dateutil
sniffio==1.3.1
    # via
    #   langsmith
    #   openai
sqlalchemy[asyncio]==2.0.51
    # via llama-index-core
sqlite-vec==0.1.9
    # via vidurai (pyproject.toml)
starlette==1.3.1
    # via fastapi
sympy==1.14.0
    # via torch
tenacity==9.1.4
    # via
    #   langchain-core
    #   llama-index-core
threadpoolctl==3.6.0
    # via scikit-learn
tiktoken==0.13.0
    # via
    #   llama-index-core
    #   vidurai (pyproject.toml)
tinytag==2.2.1
    # via llama-index-core
tokenizers==0.22.2
    # via transformers
torch==2.13.0
    # via
    #   sentence-transformers
    #   vidurai (pyproject.toml)
tqdm==4.69.0
    # via
    #   huggingface-hub
    #   llama-index-core
    #   nltk
    #   openai
    #   sentence-transformers
    #   transformers
transformers==5.14.1
    # via sentence-transformers
twine==6.2.0
    # via vidurai (pyproject.toml)
typer==0.27.0
    # via transformers
typing-extensions==4.16.0
    # via
    #   aiohttp
    #   aiosignal
    #   anyio
    #   fastapi
    #   huggingface-hub
    #   langchain-core
    #   langchain-protocol
    #   langsmith
    #   llama-index-core
    #   llama-index-workflows
    #   openai
    #   pydantic
    #   pydantic-core
    #   sentence-transformers
    #   sqlalchemy
    #   starlette
    #   torch
    #   typing-inspect
    #   typing-inspection
typing-inspect==0.9.0
    # via
    #   dataclasses-json
    #   llama-index-core
typing-inspection==0.4.2
    # via
    #   fastapi
    #   pydantic
urllib3==2.7.0
    # via
    #   id
    #   requests
    #   twine
uuid-utils==0.17.0
    # via
    #   langchain-core
    #   langsmith
uvicorn==0.51.0
    # via vidurai (pyproject.toml)
watchdog==6.0.0
    # via vidurai (pyproject.toml)
wcwidth==0.8.2
    # via prompt-toolkit
websockets==15.0.1
    # via
    #   langgraph-sdk
    #   langsmith
wheel==0.47.0
    # via pip-tools
wrapt==2.2.2
    # via
    #   deprecated
    #   llama-index-core
xxhash==3.8.1
    # via
    #   langgraph
    #   langsmith
yarl==1.24.5
    # via aiohttp
zstandard==0.25.0
    # via langsmith

# The following packages are considered to be unsafe in a requirements file:
# pip
# setuptools
